// !$*UTF8*$!
{
	archiveVersion = 1;
	classes = {
	};
	objectVersion = 48;
	objects = {

/* Begin PBXBuildFile section */
		DBEAF4881F9A99260040C359 /* AppDelegate.swift in Sources */ = {isa = PBXBuildFile; fileRef = DBEAF4871F9A99260040C359 /* AppDelegate.swift */; };
		DBEAF48A1F9A99260040C359 /* ViewController.swift in Sources */ = {isa = PBXBuildFile; fileRef = DBEAF4891F9A99260040C359 /* ViewController.swift */; };
		DBEAF48D1F9A99260040C359 /* Main.storyboard in Resources */ = {isa = PBXBuildFile; fileRef = DBEAF48B1F9A99260040C359 /* Main.storyboard */; };
		DBEAF48F1F9A99260040C359 /* Assets.xcassets in Resources */ = {isa = PBXBuildFile; fileRef = DBEAF48E1F9A99260040C359 /* Assets.xcassets */; };
		DBEAF4921F9A99260040C359 /* LaunchScreen.storyboard in Resources */ = {isa = PBXBuildFile; fileRef = DBEAF4901F9A99260040C359 /* LaunchScreen.storyboard */; };
		DBEAF49D1F9A99260040C359 /* app_swooshTests.swift in Sources */ = {isa = PBXBuildFile; fileRef = DBEAF49C1F9A99260040C359 /* app_swooshTests.swift */; };
		DBEAF4A81F9A99260040C359 /* app_swooshUITests.swift in Sources */ = {isa = PBXBuildFile; fileRef = DBEAF4A71F9A99260040C359 /* app_swooshUITests.swift */; };
		DBEAF4B71F9A9EC30040C359 /* BorderButton.swift in Sources */ = {isa = PBXBuildFile; fileRef = DBEAF4B61F9A9EC30040C359 /* BorderButton.swift */; };
/* End PBXBuildFile section */

/* Begin PBXContainerItemProxy section */
		DBEAF4991F9A99260040C359 /* PBXContainerItemProxy */ = {
			isa = PBXContainerItemProxy;
			containerPortal = DBEAF47C1F9A99260040C359 /* Project object */;
			proxyType = 1;
			remoteGlobalIDString = DBEAF4831F9A99260040C359;
			remoteInfo = "app-swoosh";
		};
		DBEAF4A41F9A99260040C359 /* PBXContainerItemProxy */ = {
			isa = PBXContainerItemProxy;
			containerPortal = DBEAF47C1F9A99260040C359 /* Project object */;
			proxyType = 1;
			remoteGlobalIDString = DBEAF4831F9A99260040C359;
			remoteInfo = "app-swoosh";
		};
/* End PBXContainerItemProxy section */

/* Begin PBXFileReference section */
		DBEAF4841F9A99260040C359 /* app-swoosh.app */ = {isa = PBXFileReference; explicitFileType = wrapper.application; includeInIndex = 0; path = "app-swoosh.app"; sourceTree = BUILT_PRODUCTS_DIR; };
		DBEAF4871F9A99260040C359 /* AppDelegate.swift */ = {isa = PBXFileReference; lastKnownFileType = sourcecode.swift; path = AppDelegate.swift; sourceTree = "<group>"; };
		DBEAF4891F9A99260040C359 /* ViewController.swift */ = {isa = PBXFileReference; lastKnownFileType = sourcecode.swift; path = ViewController.swift; sourceTree = "<group>"; };
		DBEAF48C1F9A99260040C359 /* Base */ = {isa = PBXFileReference; lastKnownFileType = file.storyboard; name = Base; path = Base.lproj/Main.storyboard; sourceTree = "<group>"; };
		DBEAF48E1F9A99260040C359 /* Assets.xcassets */ = {isa = PBXFileReference; lastKnownFileType = folder.assetcatalog; path = Assets.xcassets; sourceTree = "<group>"; };
		DBEAF4911F9A99260040C359 /* Base */ = {isa = PBXFileReference; lastKnownFileType = file.storyboard; name = Base; path = Base.lproj/LaunchScreen.storyboard; sourceTree = "<group>"; };
		DBEAF4931F9A99260040C359 /* Info.plist */ = {isa = PBXFileReference; lastKnownFileType = text.plist.xml; path = Info.plist; sourceTree = "<group>"; };
		DBEAF4981F9A99260040C359 /* app-swooshTests.xctest */ = {isa = PBXFileReference; explicitFileType = wrapper.cfbundle; includeInIndex = 0; path = "app-swooshTests.xctest"; sourceTree = BUILT_PRODUCTS_DIR; };
		DBEAF49C1F9A99260040C359 /* app_swooshTests.swift */ = {isa = PBXFileReference; lastKnownFileType = sourcecode.swift; path = app_swooshTests.swift; sourceTree = "<group>"; };
		DBEAF49E1F9A99260040C359 /* Info.plist */ = {isa = PBXFileReference; lastKnownFileType = text.plist.xml; path = Info.plist; sourceTree = "<group>"; };
		DBEAF4A31F9A99260040C359 /* app-swooshUITests.xctest */ = {isa = PBXFileReference; explicitFileType = wrapper.cfbundle; includeInIndex = 0; path = "app-swooshUITests.xctest"; sourceTree = BUILT_PRODUCTS_DIR; };
		DBEAF4A71F9A99260040C359 /* app_swooshUITests.swift */ = {isa = PBXFileReference; lastKnownFileType = sourcecode.swift; path = app_swooshUITests.swift; sourceTree = "<group>"; };
		DBEAF4A91F9A99260040C359 /* Info.plist */ = {isa = PBXFileReference; lastKnownFileType = text.plist.xml; path = Info.plist; sourceTree = "<group>"; };
		DBEAF4B61F9A9EC30040C359 /* BorderButton.swift */ = {isa = PBXFileReference; lastKnownFileType = sourcecode.swift; path = BorderButton.swift; sourceTree = "<group>"; };
/* End PBXFileReference section */

/* Begin PBXFrameworksBuildPhase section */
		DBEAF4811F9A99260040C359 /* Frameworks */ = {
			isa = PBXFrameworksBuildPhase;
			buildActionMask = 2147483647;
			files = (
			);
			runOnlyForDeploymentPostprocessing = 0;
		};
		DBEAF4951F9A99260040C359 /* Frameworks */ = {
			isa = PBXFrameworksBuildPhase;
			buildActionMask = 2147483647;
			files = (
			);
			runOnlyForDeploymentPostprocessing = 0;
		};
		DBEAF4A01F9A99260040C359 /* Frameworks */ = {
			isa = PBXFrameworksBuildPhase;
			buildActionMask = 2147483647;
			files = (
			);
			runOnlyForDeploymentPostprocessing = 0;
		};
/* End PBXFrameworksBuildPhase section */

/* Begin PBXGroup section */
		DBEAF47B1F9A99260040C359 = {
			isa = PBXGroup;
			children = (
				DBEAF4861F9A99260040C359 /* app-swoosh */,
				DBEAF49B1F9A99260040C359 /* app-swooshTests */,
				DBEAF4A61F9A99260040C359 /* app-swooshUITests */,
				DBEAF4851F9A99260040C359 /* Products */,
			);
			sourceTree = "<group>";
		};
		DBEAF4851F9A99260040C359 /* Products */ = {
			isa = PBXGroup;
			children = (
				DBEAF4841F9A99260040C359 /* app-swoosh.app */,
				DBEAF4981F9A99260040C359 /* app-swooshTests.xctest */,
				DBEAF4A31F9A99260040C359 /* app-swooshUITests.xctest */,
			);
			name = Products;
			sourceTree = "<group>";
		};
		DBEAF4861F9A99260040C359 /* app-swoosh */ = {
			isa = PBXGroup;
			children = (
				DBEAF4B51F9A9E8C0040C359 /* Views */,
				DBEAF4871F9A99260040C359 /* AppDelegate.swift */,
				DBEAF4891F9A99260040C359 /* ViewController.swift */,
				DBEAF48B1F9A99260040C359 /* Main.storyboard */,
				DBEAF48E1F9A99260040C359 /* Assets.xcassets */,
				DBEAF4901F9A99260040C359 /* LaunchScreen.storyboard */,
				DBEAF4931F9A99260040C359 /* Info.plist */,
			);
			path = "app-swoosh";
			sourceTree = "<group>";
		};
		DBEAF49B1F9A99260040C359 /* app-swooshTests */ = {
			isa = PBXGroup;
			children = (
				DBEAF49C1F9A99260040C359 /* app_swooshTests.swift */,
				DBEAF49E1F9A99260040C359 /* Info.plist */,
			);
			path = "app-swooshTests";
			sourceTree = "<group>";
		};
		DBEAF4A61F9A99260040C359 /* app-swooshUITests */ = {
			isa = PBXGroup;
			children = (
				DBEAF4A71F9A99260040C359 /* app_swooshUITests.swift */,
				DBEAF4A91F9A99260040C359 /* Info.plist */,
			);
			path = "app-swooshUITests";
			sourceTree = "<group>";
		};
		DBEAF4B51F9A9E8C0040C359 /* Views */ = {
			isa = PBXGroup;
			children = (
				DBEAF4B61F9A9EC30040C359 /* BorderButton.swift */,
			);
			path = Views;
			sourceTree = "<group>";
		};
/* End PBXGroup section */

/* Begin PBXNativeTarget section */
		DBEAF4831F9A99260040C359 /* app-swoosh */ = {
			isa = PBXNativeTarget;
			buildConfigurationList = DBEAF4AC1F9A99260040C359 /* Build configuration list for PBXNativeTarget "app-swoosh" */;
			buildPhases = (
				DBEAF4801F9A99260040C359 /* Sources */,
				DBEAF4811F9A99260040C359 /* Frameworks */,
				DBEAF4821F9A99260040C359 /* Resources */,
			);
			buildRules = (
			);
			dependencies = (
			);
			name = "app-swoosh";
			productName = "app-swoosh";
			productReference = DBEAF4841F9A99260040C359 /* app-swoosh.app */;
			productType = "com.apple.product-type.application";
		};
		DBEAF4971F9A99260040C359 /* app-swooshTests */ = {
			isa = PBXNativeTarget;
			buildConfigurationList = DBEAF4AF1F9A99260040C359 /* Build configuration list for PBXNativeTarget "app-swooshTests" */;
			buildPhases = (
				DBEAF4941F9A99260040C359 /* Sources */,
				DBEAF4951F9A99260040C359 /* Frameworks */,
				DBEAF4961F9A99260040C359 /* Resources */,
			);
			buildRules = (
			);
			dependencies = (
				DBEAF49A1F9A99260040C359 /* PBXTargetDependency */,
			);
			name = "app-swooshTests";
			productName = "app-swooshTests";
			productReference = DBEAF4981F9A99260040C359 /* app-swooshTests.xctest */;
			productType = "com.apple.product-type.bundle.unit-test";
		};
		DBEAF4A21F9A99260040C359 /* app-swooshUITests */ = {
			isa = PBXNativeTarget;
			buildConfigurationList = DBEAF4B21F9A99260040C359 /* Build configuration list for PBXNativeTarget "app-swooshUITests" */;
			buildPhases = (
				DBEAF49F1F9A99260040C359 /* Sources */,
				DBEAF4A01F9A99260040C359 /* Frameworks */,
				DBEAF4A11F9A99260040C359 /* Resources */,
			);
			buildRules = (
			);
			dependencies = (
				DBEAF4A51F9A99260040C359 /* PBXTargetDependency */,
			);
			name = "app-swooshUITests";
			productName = "app-swooshUITests";
			productReference = DBEAF4A31F9A99260040C359 /* app-swooshUITests.xctest */;
			productType = "com.apple.product-type.bundle.ui-testing";
		};
/* End PBXNativeTarget section */

/* Begin PBXProject section */
		DBEAF47C1F9A99260040C359 /* Project object */ = {
			isa = PBXProject;
			attributes = {
				LastSwiftUpdateCheck = 0900;
				LastUpgradeCheck = 0900;
				ORGANIZATIONNAME = "Andrew Smith";
				TargetAttributes = {
					DBEAF4831F9A99260040C359 = {
						CreatedOnToolsVersion = 9.0.1;
						ProvisioningStyle = Automatic;
					};
					DBEAF4971F9A99260040C359 = {
						CreatedOnToolsVersion = 9.0.1;
						ProvisioningStyle = Automatic;
						TestTargetID = DBEAF4831F9A99260040C359;
					};
					DBEAF4A21F9A99260040C359 = {
						CreatedOnToolsVersion = 9.0.1;
						ProvisioningStyle = Automatic;
						TestTargetID = DBEAF4831F9A99260040C359;
					};
				};
			};
			buildConfigurationList = DBEAF47F1F9A99260040C359 /* Build configuration list for PBXProject "app-swoosh" */;
			compatibilityVersion = "Xcode 8.0";
			developmentRegion = en;
			hasScannedForEncodings = 0;
			knownRegions = (
				en,
				Base,
			);
			mainGroup = DBEAF47B1F9A99260040C359;
			productRefGroup = DBEAF4851F9A99260040C359 /* Products */;
			projectDirPath = "";
			projectRoot = "";
			targets = (
				DBEAF4831F9A99260040C359 /* app-swoosh */,
				DBEAF4971F9A99260040C359 /* app-swooshTests */,
				DBEAF4A21F9A99260040C359 /* app-swooshUITests */,
			);
		};
/* End PBXProject section */

/* Begin PBXResourcesBuildPhase section */
		DBEAF4821F9A99260040C359 /* Resources */ = {
			isa = PBXResourcesBuildPhase;
			buildActionMask = 2147483647;
			files = (
				DBEAF4921F9A99260040C359 /* LaunchScreen.storyboard in Resources */,
				DBEAF48F1F9A99260040C359 /* Assets.xcassets in Resources */,
				DBEAF48D1F9A99260040C359 /* Main.storyboard in Resources */,
			);
			runOnlyForDeploymentPostprocessing = 0;
		};
		DBEAF4961F9A99260040C359 /* Resources */ = {
			isa = PBXResourcesBuildPhase;
			buildActionMask = 2147483647;
			files = (
			);
			runOnlyForDeploymentPostprocessing = 0;
		};
		DBEAF4A11F9A99260040C359 /* Resources */ = {
			isa = PBXResourcesBuildPhase;
			buildActionMask = 2147483647;
			files = (
			);
			runOnlyForDeploymentPostprocessing = 0;
		};
/* End PBXResourcesBuildPhase section */

/* Begin PBXSourcesBuildPhase section */
		DBEAF4801F9A99260040C359 /* Sources */ = {
			isa = PBXSourcesBuildPhase;
			buildActionMask = 2147483647;
			files = (
				DBEAF48A1F9A99260040C359 /* ViewController.swift in Sources */,
				DBEAF4881F9A99260040C359 /* AppDelegate.swift in Sources */,
				DBEAF4B71F9A9EC30040C359 /* BorderButton.swift in Sources */,
			);
			runOnlyForDeploymentPostprocessing = 0;
		};
		DBEAF4941F9A99260040C359 /* Sources */ = {
			isa = PBXSourcesBuildPhase;
			buildActionMask = 2147483647;
			files = (
				DBEAF49D1F9A99260040C359 /* app_swooshTests.swift in Sources */,
			);
			runOnlyForDeploymentPostprocessing = 0;
		};
		DBEAF49F1F9A99260040C359 /* Sources */ = {
			isa = PBXSourcesBuildPhase;
			buildActionMask = 2147483647;
			files = (
				DBEAF4A81F9A99260040C359 /* app_swooshUITests.swift in Sources */,
			);
			runOnlyForDeploymentPostprocessing = 0;
		};
/* End PBXSourcesBuildPhase section */

/* Begin PBXTargetDependency section */
		DBEAF49A1F9A99260040C359 /* PBXTargetDependency */ = {
			isa = PBXTargetDependency;
			target = DBEAF4831F9A99260040C359 /* app-swoosh */;
			targetProxy = DBEAF4991F9A99260040C359 /* PBXContainerItemProxy */;
		};
		DBEAF4A51F9A99260040C359 /* PBXTargetDependency */ = {
			isa = PBXTargetDependency;
			target = DBEAF4831F9A99260040C359 /* app-swoosh */;
			targetProxy = DBEAF4A41F9A99260040C359 /* PBXContainerItemProxy */;
		};
/* End PBXTargetDependency section */

/* Begin PBXVariantGroup section */
		DBEAF48B1F9A99260040C359 /* Main.storyboard */ = {
			isa = PBXVariantGroup;
			children = (
				DBEAF48C1F9A99260040C359 /* Base */,
			);
			name = Main.storyboard;
			sourceTree = "<group>";
		};
		DBEAF4901F9A99260040C359 /* LaunchScreen.storyboard */ = {
			isa = PBXVariantGroup;
			children = (
				DBEAF4911F9A99260040C359 /* Base */,
			);
			name = LaunchScreen.storyboard;
			sourceTree = "<group>";
		};
/* End PBXVariantGroup section */

/* Begin XCBuildConfiguration section */
		DBEAF4AA1F9A99260040C359 /* Debug */ = {
			isa = XCBuildConfiguration;
			buildSettings = {
				ALWAYS_SEARCH_USER_PATHS = NO;
				CLANG_ANALYZER_NONNULL = YES;
				CLANG_ANALYZER_NUMBER_OBJECT_CONVERSION = YES_AGGRESSIVE;
				CLANG_CXX_LANGUAGE_STANDARD = "gnu++14";
				CLANG_CXX_LIBRARY = "libc++";
				CLANG_ENABLE_MODULES = YES;
				CLANG_ENABLE_OBJC_ARC = YES;
				CLANG_WARN_BLOCK_CAPTURE_AUTORELEASING = YES;
				CLANG_WARN_BOOL_CONVERSION = YES;
				CLANG_WARN_COMMA = YES;
				CLANG_WARN_CONSTANT_CONVERSION = YES;
				CLANG_WARN_DIRECT_OBJC_ISA_USAGE = YES_ERROR;
				CLANG_WARN_DOCUMENTATION_COMMENTS = YES;
				CLANG_WARN_EMPTY_BODY = YES;
				CLANG_WARN_ENUM_CONVERSION = YES;
				CLANG_WARN_INFINITE_RECURSION = YES;
				CLANG_WARN_INT_CONVERSION = YES;
				CLANG_WARN_NON_LITERAL_NULL_CONVERSION = YES;
				CLANG_WARN_OBJC_LITERAL_CONVERSION = YES;
				CLANG_WARN_OBJC_ROOT_CLASS = YES_ERROR;
				CLANG_WARN_RANGE_LOOP_ANALYSIS = YES;
				CLANG_WARN_STRICT_PROTOTYPES = YES;
				CLANG_WARN_SUSPICIOUS_MOVE = YES;
				CLANG_WARN_UNGUARDED_AVAILABILITY = YES_AGGRESSIVE;
				CLANG_WARN_UNREACHABLE_CODE = YES;
				CLANG_WARN__DUPLICATE_METHOD_MATCH = YES;
				CODE_SIGN_IDENTITY = "iPhone Developer";
				COPY_PHASE_STRIP = NO;
				DEBUG_INFORMATION_FORMAT = dwarf;
				ENABLE_STRICT_OBJC_MSGSEND = YES;
				ENABLE_TESTABILITY = YES;
				GCC_C_LANGUAGE_STANDARD = gnu11;
				GCC_DYNAMIC_NO_PIC = NO;
				GCC_NO_COMMON_BLOCKS = YES;
				GCC_OPTIMIZATION_LEVEL = 0;
				GCC_PREPROCESSOR_DEFINITIONS = (
					"DEBUG=1",
					"$(inherited)",
				);
				GCC_WARN_64_TO_32_BIT_CONVERSION = YES;
				GCC_WARN_ABOUT_RETURN_TYPE = YES_ERROR;
				GCC_WARN_UNDECLARED_SELECTOR = YES;
				GCC_WARN_UNINITIALIZED_AUTOS = YES_AGGRESSIVE;
				GCC_WARN_UNUSED_FUNCTION = YES;
				GCC_WARN_UNUSED_VARIABLE = YES;
				IPHONEOS_DEPLOYMENT_TARGET = 11.0;
				MTL_ENABLE_DEBUG_INFO = YES;
				ONLY_ACTIVE_ARCH = YES;
				SDKROOT = iphoneos;
				SWIFT_ACTIVE_COMPILATION_CONDITIONS = DEBUG;
				SWIFT_OPTIMIZATION_LEVEL = "-Onone";
			};
			name = Debug;
		};
		DBEAF4AB1F9A99260040C359 /* Release */ = {
			isa = XCBuildConfiguration;
			buildSettings = {
				ALWAYS_SEARCH_USER_PATHS = NO;
				CLANG_ANALYZER_NONNULL = YES;
				CLANG_ANALYZER_NUMBER_OBJECT_CONVERSION = YES_AGGRESSIVE;
				CLANG_CXX_LANGUAGE_STANDARD = "gnu++14";
				CLANG_CXX_LIBRARY = "libc++";
				CLANG_ENABLE_MODULES = YES;
				CLANG_ENABLE_OBJC_ARC = YES;
				CLANG_WARN_BLOCK_CAPTURE_AUTORELEASING = YES;
				CLANG_WARN_BOOL_CONVERSION = YES;
				CLANG_WARN_COMMA = YES;
				CLANG_WARN_CONSTANT_CONVERSION = YES;
				CLANG_WARN_DIRECT_OBJC_ISA_USAGE = YES_ERROR;
				CLANG_WARN_DOCUMENTATION_COMMENTS = YES;
				CLANG_WARN_EMPTY_BODY = YES;
				CLANG_WARN_ENUM_CONVERSION = YES;
				CLANG_WARN_INFINITE_RECURSION = YES;
				CLANG_WARN_INT_CONVERSION = YES;
				CLANG_WARN_NON_LITERAL_NULL_CONVERSION = YES;
				CLANG_WARN_OBJC_LITERAL_CONVERSION = YES;
				CLANG_WARN_OBJC_ROOT_CLASS = YES_ERROR;
				CLANG_WARN_RANGE_LOOP_ANALYSIS = YES;
				CLANG_WARN_STRICT_PROTOTYPES = YES;
				CLANG_WARN_SUSPICIOUS_MOVE = YES;
				CLANG_WARN_UNGUARDED_AVAILABILITY = YES_AGGRESSIVE;
				CLANG_WARN_UNREACHABLE_CODE = YES;
				CLANG_WARN__DUPLICATE_METHOD_MATCH = YES;
				CODE_SIGN_IDENTITY = "iPhone Developer";
				COPY_PHASE_STRIP = NO;
				DEBUG_INFORMATION_FORMAT = "dwarf-with-dsym";
				ENABLE_NS_ASSERTIONS = NO;
				ENABLE_STRICT_OBJC_MSGSEND = YES;
				GCC_C_LANGUAGE_STANDARD = gnu11;
				GCC_NO_COMMON_BLOCKS = YES;
				GCC_WARN_64_TO_32_BIT_CONVERSION = YES;
				GCC_WARN_ABOUT_RETURN_TYPE = YES_ERROR;
				GCC_WARN_UNDECLARED_SELECTOR = YES;
				GCC_WARN_UNINITIALIZED_AUTOS = YES_AGGRESSIVE;
				GCC_WARN_UNUSED_FUNCTION = YES;
				GCC_WARN_UNUSED_VARIABLE = YES;
				IPHONEOS_DEPLOYMENT_TARGET = 11.0;
				MTL_ENABLE_DEBUG_INFO = NO;
				SDKROOT = iphoneos;
				SWIFT_OPTIMIZATION_LEVEL = "-Owholemodule";
				VALIDATE_PRODUCT = YES;
			};
			name = Release;
		};
		DBEAF4AD1F9A99260040C359 /* Debug */ = {
			isa = XCBuildConfiguration;
			buildSettings = {
				ASSETCATALOG_COMPILER_APPICON_NAME = AppIcon;
				CODE_SIGN_STYLE = Automatic;
				DEVELOPMENT_TEAM = MZ5A7S8SAG;
				INFOPLIST_FILE = "app-swoosh/Info.plist";
				LD_RUNPATH_SEARCH_PATHS = "$(inherited) @executable_path/Frameworks";
				PRODUCT_BUNDLE_IDENTIFIER = "co.SensesConcepts.app-swoosh";
				PRODUCT_NAME = "$(TARGET_NAME)";
				SWIFT_VERSION = 4.0;
				TARGETED_DEVICE_FAMILY = "1,2";
			};
			name = Debug;
		};
		DBEAF4AE1F9A99260040C359 /* Release */ = {
			isa = XCBuildConfiguration;
			buildSettings = {
				ASSETCATALOG_COMPILER_APPICON_NAME = AppIcon;
				CODE_SIGN_STYLE = Automatic;
				DEVELOPMENT_TEAM = MZ5A7S8SAG;
				INFOPLIST_FILE = "app-swoosh/Info.plist";
				LD_RUNPATH_SEARCH_PATHS = "$(inherited) @executable_path/Frameworks";
				PRODUCT_BUNDLE_IDENTIFIER = "co.SensesConcepts.app-swoosh";
				PRODUCT_NAME = "$(TARGET_NAME)";
				SWIFT_VERSION = 4.0;
				TARGETED_DEVICE_FAMILY = "1,2";
			};
			name = Release;
		};
		DBEAF4B01F9A99260040C359 /* Debug */ = {
			isa = XCBuildConfiguration;
			buildSettings = {
				ALWAYS_EMBED_SWIFT_STANDARD_LIBRARIES = YES;
				BUNDLE_LOADER = "$(TEST_HOST)";
				CODE_SIGN_STYLE = Automatic;
				INFOPLIST_FILE = "app-swooshTests/Info.plist";
				LD_RUNPATH_SEARCH_PATHS = "$(inherited) @executable_path/Frameworks @loader_path/Frameworks";
				PRODUCT_BUNDLE_IDENTIFIER = "co.SensesConcepts.app-swooshTests";
				PRODUCT_NAME = "$(TARGET_NAME)";
				SWIFT_VERSION = 4.0;
				TARGETED_DEVICE_FAMILY = "1,2";
				TEST_HOST = "$(BUILT_PRODUCTS_DIR)/app-swoosh.app/app-swoosh";
			};
			name = Debug;
		};
		DBEAF4B11F9A99260040C359 /* Release */ = {
			isa = XCBuildConfiguration;
			buildSettings = {
				ALWAYS_EMBED_SWIFT_STANDARD_LIBRARIES = YES;
				BUNDLE_LOADER = "$(TEST_HOST)";
				CODE_SIGN_STYLE = Automatic;
				INFOPLIST_FILE = "app-swooshTests/Info.plist";
				LD_RUNPATH_SEARCH_PATHS = "$(inherited) @executable_path/Frameworks @loader_path/Frameworks";
				PRODUCT_BUNDLE_IDENTIFIER = "co.SensesConcepts.app-swooshTests";
				PRODUCT_NAME = "$(TARGET_NAME)";
				SWIFT_VERSION = 4.0;
				TARGETED_DEVICE_FAMILY = "1,2";
				TEST_HOST = "$(BUILT_PRODUCTS_DIR)/app-swoosh.app/app-swoosh";
			};
			name = Release;
		};
		DBEAF4B31F9A99260040C359 /* Debug */ = {
			isa = XCBuildConfiguration;
			buildSettings = {
				ALWAYS_EMBED_SWIFT_STANDARD_LIBRARIES = YES;
				CODE_SIGN_STYLE = Automatic;
				INFOPLIST_FILE = "app-swooshUITests/Info.plist";
				LD_RUNPATH_SEARCH_PATHS = "$(inherited) @executable_path/Frameworks @loader_path/Frameworks";
				PRODUCT_BUNDLE_IDENTIFIER = "co.SensesConcepts.app-swooshUITests";
				PRODUCT_NAME = "$(TARGET_NAME)";
				SWIFT_VERSION = 4.0;
				TARGETED_DEVICE_FAMILY = "1,2";
				TEST_TARGET_NAME = "app-swoosh";
			};
			name = Debug;
		};
		DBEAF4B41F9A99260040C359 /* Release */ = {
			isa = XCBuildConfiguration;
			buildSettings = {
				ALWAYS_EMBED_SWIFT_STANDARD_LIBRARIES = YES;
				CODE_SIGN_STYLE = Automatic;
				INFOPLIST_FILE = "app-swooshUITests/Info.plist";
				LD_RUNPATH_SEARCH_PATHS = "$(inherited) @executable_path/Frameworks @loader_path/Frameworks";
				PRODUCT_BUNDLE_IDENTIFIER = "co.SensesConcepts.app-swooshUITests";
				PRODUCT_NAME = "$(TARGET_NAME)";
				SWIFT_VERSION = 4.0;
				TARGETED_DEVICE_FAMILY = "1,2";
				TEST_TARGET_NAME = "app-swoosh";
			};
			name = Release;
		};
/* End XCBuildConfiguration section */

/* Begin XCConfigurationList section */
		DBEAF47F1F9A99260040C359 /* Build configuration list for PBXProject "app-swoosh" */ = {
			isa = XCConfigurationList;
			buildConfigurations = (
				DBEAF4AA1F9A99260040C359 /* Debug */,
				DBEAF4AB1F9A99260040C359 /* Release */,
			);
			defaultConfigurationIsVisible = 0;
			defaultConfigurationName = Release;
		};
		DBEAF4AC1F9A99260040C359 /* Build configuration list for PBXNativeTarget "app-swoosh" */ = {
			isa = XCConfigurationList;
			buildConfigurations = (
				DBEAF4AD1F9A99260040C359 /* Debug */,
				DBEAF4AE1F9A99260040C359 /* Release */,
			);
			defaultConfigurationIsVisible = 0;
			defaultConfigurationName = Release;
		};
		DBEAF4AF1F9A99260040C359 /* Build configuration list for PBXNativeTarget "app-swooshTests" */ = {
			isa = XCConfigurationList;
			buildConfigurations = (
				DBEAF4B01F9A99260040C359 /* Debug */,
				DBEAF4B11F9A99260040C359 /* Release */,
			);
			defaultConfigurationIsVisible = 0;
			defaultConfigurationName = Release;
		};
		DBEAF4B21F9A99260040C359 /* Build configuration list for PBXNativeTarget "app-swooshUITests" */ = {
			isa = XCConfigurationList;
			buildConfigurations = (
				DBEAF4B31F9A99260040C359 /* Debug */,
				DBEAF4B41F9A99260040C359 /* Release */,
			);
			defaultConfigurationIsVisible = 0;
			defaultConfigurationName = Release;
		};
/* End XCConfigurationList section */
	};
	rootObject = DBEAF47C1F9A99260040C359 /* Project object */;
}
